
Microsoft Visual Studio Solution File, Format Version 12.00
# Visual Studio Version 17
VisualStudioVersion = 17.10.35122.118
MinimumVisualStudioVersion = 10.0.40219.1
Project("{9A19103F-16F7-4668-BE54-9A1E7A4F7556}") = "AdvancedEgzaminas_Restoranas", "AdvancedEgzaminas_Restoranas\AdvancedEgzaminas_Restoranas.csproj", "{A6A5A723-10E7-46B6-AEBC-6B8E04E75A31}"
EndProject
Project("{FAE04EC0-301F-11D3-BF4B-00C04F79EFBC}") = "AdvancedEgzaminas_RestoranasTests", "AdvancedEgzaminas_RestoranasTests\AdvancedEgzaminas_RestoranasTests.csproj", "{84972982-5429-4F1C-8F89-DE0A48F53919}"
EndProject
Global
	GlobalSection(SolutionConfigurationPlatforms) = preSolution
		Debug|Any CPU = Debug|Any CPU
		Release|Any CPU = Release|Any CPU
	EndGlobalSection
	GlobalSection(ProjectConfigurationPlatforms) = postSolution
		{A6A5A723-10E7-46B6-AEBC-6B8E04E75A31}.Debug|Any CPU.ActiveCfg = Debug|Any CPU
		{A6A5A723-10E7-46B6-AEBC-6B8E04E75A31}.Debug|Any CPU.Build.0 = Debug|Any CPU
		{A6A5A723-10E7-46B6-AEBC-6B8E04E75A31}.Release|Any CPU.ActiveCfg = Release|Any CPU
		{A6A5A723-10E7-46B6-AEBC-6B8E04E75A31}.Release|Any CPU.Build.0 = Release|Any CPU
		{84972982-5429-4F1C-8F89-DE0A48F53919}.Debug|Any CPU.ActiveCfg = Debug|Any CPU
		{84972982-5429-4F1C-8F89-DE0A48F53919}.Debug|Any CPU.Build.0 = Debug|Any CPU
		{84972982-5429-4F1C-8F89-DE0A48F53919}.Release|Any CPU.ActiveCfg = Release|Any CPU
		{84972982-5429-4F1C-8F89-DE0A48F53919}.Release|Any CPU.Build.0 = Release|Any CPU
	EndGlobalSection
	GlobalSection(SolutionProperties) = preSolution
		HideSolutionNode = FALSE
	EndGlobalSection
	GlobalSection(ExtensibilityGlobals) = postSolution
		SolutionGuid = {9FEF2047-8B0B-486F-869A-704A944C41BD}
	EndGlobalSection
EndGlobal
